// !$*UTF8*$!
{
	archiveVersion = 1;
	classes = {
	};
	objectVersion = 46;
	objects = {

/* Begin PBXBuildFile section */
		5FCDC69C2E602B7C00DFCAAD /* AppDelegate.swift in Sources */ = {isa = PBXBuildFile; fileRef = 5FCDC69B2E602B7C00DFCAAD /* AppDelegate.swift */; };
		5FCDC69E2E602B7C00DFCAAD /* ViewController.swift in Sources */ = {isa = PBXBuildFile; fileRef = 5FCDC69D2E602B7C00DFCAAD /* ViewController.swift */; };
		5FCDC6A12E602B7C00DFCAAD /* Main.storyboard in Resources */ = {isa = PBXBuildFile; fileRef = 5FCDC69F2E602B7C00DFCAAD /* Main.storyboard */; };
		5FCDC6A32E602B7C00DFCAAD /* Images.xcassets in Resources */ = {isa = PBXBuildFile; fileRef = 5FCDC6A22E602B7C00DFCAAD /* Images.xcassets */; };
		5FCDC6AF2E602B7C00DFCAAD /* More_UIKitTests.swift in Sources */ = {isa = PBXBuildFile; fileRef = 5FCDC6AE2E602B7C00DFCAAD /* More_UIKitTests.swift */; };
/* End PBXBuildFile section */

/* Begin PBXContainerItemProxy section */
		5FCDC6A92E602B7C00DFCAAD /* PBXContainerItemProxy */ = {
			isa = PBXContainerItemProxy;
			containerPortal = 5FCDC68E2E602B7C00DFCAAD /* Project object */;
			proxyType = 1;
			remoteGlobalIDString = 5FCDC6952E602B7C00DFCAAD;
			remoteInfo = "More UIKit";
		};
/* End PBXContainerItemProxy section */

/* Begin PBXFileReference section */
		5FCDC6962E602B7C00DFCAAD /* More UIKit.app */ = {isa = PBXFileReference; explicitFileType = wrapper.application; includeInIndex = 0; path = "More UIKit.app"; sourceTree = BUILT_PRODUCTS_DIR; };
		5FCDC69A2E602B7C00DFCAAD /* Info.plist */ = {isa = PBXFileReference; lastKnownFileType = text.plist.xml; path = Info.plist; sourceTree = "<group>"; };
		5FCDC69B2E602B7C00DFCAAD /* AppDelegate.swift */ = {isa = PBXFileReference; lastKnownFileType = sourcecode.swift; path = AppDelegate.swift; sourceTree = "<group>"; };
		5FCDC69D2E602B7C00DFCAAD /* ViewController.swift */ = {isa = PBXFileReference; lastKnownFileType = sourcecode.swift; path = ViewController.swift; sourceTree = "<group>"; };
		5FCDC6A02E602B7C00DFCAAD /* Base */ = {isa = PBXFileReference; lastKnownFileType = file.storyboard; name = Base; path = Base.lproj/Main.storyboard; sourceTree = "<group>"; };
		5FCDC6A22E602B7C00DFCAAD /* Images.xcassets */ = {isa = PBXFileReference; lastKnownFileType = folder.assetcatalog; path = Images.xcassets; sourceTree = "<group>"; };
		5FCDC6A82E602B7C00DFCAAD /* More UIKitTests.xctest */ = {isa = PBXFileReference; explicitFileType = wrapper.cfbundle; includeInIndex = 0; path = "More UIKitTests.xctest"; sourceTree = BUILT_PRODUCTS_DIR; };
		5FCDC6AD2E602B7C00DFCAAD /* Info.plist */ = {isa = PBXFileReference; lastKnownFileType = text.plist.xml; path = Info.plist; sourceTree = "<group>"; };
		5FCDC6AE2E602B7C00DFCAAD /* More_UIKitTests.swift */ = {isa = PBXFileReference; lastKnownFileType = sourcecode.swift; path = More_UIKitTests.swift; sourceTree = "<group>"; };
/* End PBXFileReference section */

/* Begin PBXFrameworksBuildPhase section */
		5FCDC6932E602B7C00DFCAAD /* Frameworks */ = {
			isa = PBXFrameworksBuildPhase;
			buildActionMask = 2147483647;
			files = (
			);
			runOnlyForDeploymentPostprocessing = 0;
		};
		5FCDC6A52E602B7C00DFCAAD /* Frameworks */ = {
			isa = PBXFrameworksBuildPhase;
			buildActionMask = 2147483647;
			files = (
			);
			runOnlyForDeploymentPostprocessing = 0;
		};
/* End PBXFrameworksBuildPhase section */

/* Begin PBXGroup section */
		5FCDC68D2E602B7C00DFCAAD = {
			isa = PBXGroup;
			children = (
				5FCDC6982E602B7C00DFCAAD /* More UIKit */,
				5FCDC6AB2E602B7C00DFCAAD /* More UIKitTests */,
				5FCDC6972E602B7C00DFCAAD /* Products */,
			);
			sourceTree = "<group>";
		};
		5FCDC6972E602B7C00DFCAAD /* Products */ = {
			isa = PBXGroup;
			children = (
				5FCDC6962E602B7C00DFCAAD /* More UIKit.app */,
				5FCDC6A82E602B7C00DFCAAD /* More UIKitTests.xctest */,
			);
			name = Products;
			sourceTree = "<group>";
		};
		5FCDC6982E602B7C00DFCAAD /* More UIKit */ = {
			isa = PBXGroup;
			children = (
				5FCDC69B2E602B7C00DFCAAD /* AppDelegate.swift */,
				5FCDC69D2E602B7C00DFCAAD /* ViewController.swift */,
				5FCDC69F2E602B7C00DFCAAD /* Main.storyboard */,
				5FCDC6A22E602B7C00DFCAAD /* Images.xcassets */,
				5FCDC6992E602B7C00DFCAAD /* Supporting Files */,
			);
			path = "More UIKit";
			sourceTree = "<group>";
		};
		5FCDC6992E602B7C00DFCAAD /* Supporting Files */ = {
			isa = PBXGroup;
			children = (
				5FCDC69A2E602B7C00DFCAAD /* Info.plist */,
			);
			name = "Supporting Files";
			sourceTree = "<group>";
		};
		5FCDC6AB2E602B7C00DFCAAD /* More UIKitTests */ = {
			isa = PBXGroup;
			children = (
				5FCDC6AE2E602B7C00DFCAAD /* More_UIKitTests.swift */,
				5FCDC6AC2E602B7C00DFCAAD /* Supporting Files */,
			);
			path = "More UIKitTests";
			sourceTree = "<group>";
		};
		5FCDC6AC2E602B7C00DFCAAD /* Supporting Files */ = {
			isa = PBXGroup;
			children = (
				5FCDC6AD2E602B7C00DFCAAD /* Info.plist */,
			);
			name = "Supporting Files";
			sourceTree = "<group>";
		};
/* End PBXGroup section */

/* Begin PBXNativeTarget section */
		5FCDC6952E602B7C00DFCAAD /* More UIKit */ = {
			isa = PBXNativeTarget;
			buildConfigurationList = 5FCDC6B22E602B7C00DFCAAD /* Build configuration list for PBXNativeTarget "More UIKit" */;
			buildPhases = (
				5FCDC6922E602B7C00DFCAAD /* Sources */,
				5FCDC6932E602B7C00DFCAAD /* Frameworks */,
				5FCDC6942E602B7C00DFCAAD /* Resources */,
			);
			buildRules = (
			);
			dependencies = (
			);
			name = "More UIKit";
			productName = "More UIKit";
			productReference = 5FCDC6962E602B7C00DFCAAD /* More UIKit.app */;
			productType = "com.apple.product-type.application";
		};
		5FCDC6A72E602B7C00DFCAAD /* More UIKitTests */ = {
			isa = PBXNativeTarget;
			buildConfigurationList = 5FCDC6B52E602B7C00DFCAAD /* Build configuration list for PBXNativeTarget "More UIKitTests" */;
			buildPhases = (
				5FCDC6A42E602B7C00DFCAAD /* Sources */,
				5FCDC6A52E602B7C00DFCAAD /* Frameworks */,
				5FCDC6A62E602B7C00DFCAAD /* Resources */,
			);
			buildRules = (
			);
			dependencies = (
				5FCDC6AA2E602B7C00DFCAAD /* PBXTargetDependency */,
			);
			name = "More UIKitTests";
			productName = "More UIKitTests";
			productReference = 5FCDC6A82E602B7C00DFCAAD /* More UIKitTests.xctest */;
			productType = "com.apple.product-type.bundle.unit-test";
		};
/* End PBXNativeTarget section */

/* Begin PBXProject section */
		5FCDC68E2E602B7C00DFCAAD /* Project object */ = {
			isa = PBXProject;
			attributes = {
				LastUpgradeCheck = 0600;
				ORGANIZATIONNAME = JWI;
				TargetAttributes = {
					5FCDC6952E602B7C00DFCAAD = {
						CreatedOnToolsVersion = 6.0;
					};
					5FCDC6A72E602B7C00DFCAAD = {
						CreatedOnToolsVersion = 6.0;
						TestTargetID = 5FCDC6952E602B7C00DFCAAD;
					};
				};
			};
			buildConfigurationList = 5FCDC6912E602B7C00DFCAAD /* Build configuration list for PBXProject "More UIKit" */;
			compatibilityVersion = "Xcode 3.2";
			developmentRegion = English;
			hasScannedForEncodings = 0;
			knownRegions = (
				en,
				Base,
			);
			mainGroup = 5FCDC68D2E602B7C00DFCAAD;
			productRefGroup = 5FCDC6972E602B7C00DFCAAD /* Products */;
			projectDirPath = "";
			projectRoot = "";
			targets = (
				5FCDC6952E602B7C00DFCAAD /* More UIKit */,
				5FCDC6A72E602B7C00DFCAAD /* More UIKitTests */,
			);
		};
/* End PBXProject section */

/* Begin PBXResourcesBuildPhase section */
		5FCDC6942E602B7C00DFCAAD /* Resources */ = {
			isa = PBXResourcesBuildPhase;
			buildActionMask = 2147483647;
			files = (
				5FCDC6A12E602B7C00DFCAAD /* Main.storyboard in Resources */,
				5FCDC6A32E602B7C00DFCAAD /* Images.xcassets in Resources */,
			);
			runOnlyForDeploymentPostprocessing = 0;
		};
		5FCDC6A62E602B7C00DFCAAD /* Resources */ = {
			isa = PBXResourcesBuildPhase;
			buildActionMask = 2147483647;
			files = (
			);
			runOnlyForDeploymentPostprocessing = 0;
		};
/* End PBXResourcesBuildPhase section */

/* Begin PBXSourcesBuildPhase section */
		5FCDC6922E602B7C00DFCAAD /* Sources */ = {
			isa = PBXSourcesBuildPhase;
			buildActionMask = 2147483647;
			files = (
				5FCDC69E2E602B7C00DFCAAD /* ViewController.swift in Sources */,
				5FCDC69C2E602B7C00DFCAAD /* AppDelegate.swift in Sources */,
			);
			runOnlyForDeploymentPostprocessing = 0;
		};
		5FCDC6A42E602B7C00DFCAAD /* Sources */ = {
			isa = PBXSourcesBuildPhase;
			buildActionMask = 2147483647;
			files = (
				5FCDC6AF2E602B7C00DFCAAD /* More_UIKitTests.swift in Sources */,
			);
			runOnlyForDeploymentPostprocessing = 0;
		};
/* End PBXSourcesBuildPhase section */

/* Begin PBXTargetDependency section */
		5FCDC6AA2E602B7C00DFCAAD /* PBXTargetDependency */ = {
			isa = PBXTargetDependency;
			target = 5FCDC6952E602B7C00DFCAAD /* More UIKit */;
			targetProxy = 5FCDC6A92E602B7C00DFCAAD /* PBXContainerItemProxy */;
		};
/* End PBXTargetDependency section */

/* Begin PBXVariantGroup section */
		5FCDC69F2E602B7C00DFCAAD /* Main.storyboard */ = {
			isa = PBXVariantGroup;
			children = (
				5FCDC6A02E602B7C00DFCAAD /* Base */,
			);
			name = Main.storyboard;
			sourceTree = "<group>";
		};
/* End PBXVariantGroup section */

/* Begin XCBuildConfiguration section */
		5FCDC6B02E602B7C00DFCAAD /* Debug */ = {
			isa = XCBuildConfiguration;
			buildSettings = {
				ALWAYS_SEARCH_USER_PATHS = NO;
				CLANG_CXX_LANGUAGE_STANDARD = "gnu++0x";
				CLANG_CXX_LIBRARY = "libc++";
				CLANG_ENABLE_MODULES = YES;
				CLANG_ENABLE_OBJC_ARC = YES;
				CLANG_WARN_BOOL_CONVERSION = YES;
				CLANG_WARN_CONSTANT_CONVERSION = YES;
				CLANG_WARN_DIRECT_OBJC_ISA_USAGE = YES_ERROR;
				CLANG_WARN_EMPTY_BODY = YES;
				CLANG_WARN_ENUM_CONVERSION = YES;
				CLANG_WARN_INT_CONVERSION = YES;
				CLANG_WARN_OBJC_ROOT_CLASS = YES_ERROR;
				CLANG_WARN_UNREACHABLE_CODE = YES;
				CLANG_WARN__DUPLICATE_METHOD_MATCH = YES;
				"CODE_SIGN_IDENTITY[sdk=iphoneos*]" = "iPhone Developer";
				COPY_PHASE_STRIP = NO;
				ENABLE_STRICT_OBJC_MSGSEND = YES;
				GCC_C_LANGUAGE_STANDARD = gnu99;
				GCC_DYNAMIC_NO_PIC = NO;
				GCC_OPTIMIZATION_LEVEL = 0;
				GCC_PREPROCESSOR_DEFINITIONS = (
					"DEBUG=1",
					"$(inherited)",
				);
				GCC_SYMBOLS_PRIVATE_EXTERN = NO;
				GCC_WARN_64_TO_32_BIT_CONVERSION = YES;
				GCC_WARN_ABOUT_RETURN_TYPE = YES_ERROR;
				GCC_WARN_UNDECLARED_SELECTOR = YES;
				GCC_WARN_UNINITIALIZED_AUTOS = YES_AGGRESSIVE;
				GCC_WARN_UNUSED_FUNCTION = YES;
				GCC_WARN_UNUSED_VARIABLE = YES;
				IPHONEOS_DEPLOYMENT_TARGET = 8.0;
				MTL_ENABLE_DEBUG_INFO = YES;
				ONLY_ACTIVE_ARCH = YES;
				SDKROOT = iphoneos;
				SWIFT_OPTIMIZATION_LEVEL = "-Onone";
				TARGETED_DEVICE_FAMILY = "1,2";
			};
			name = Debug;
		};
		5FCDC6B12E602B7C00DFCAAD /* Release */ = {
			isa = XCBuildConfiguration;
			buildSettings = {
				ALWAYS_SEARCH_USER_PATHS = NO;
				CLANG_CXX_LANGUAGE_STANDARD = "gnu++0x";
				CLANG_CXX_LIBRARY = "libc++";
				CLANG_ENABLE_MODULES = YES;
				CLANG_ENABLE_OBJC_ARC = YES;
				CLANG_WARN_BOOL_CONVERSION = YES;
				CLANG_WARN_CONSTANT_CONVERSION = YES;
				CLANG_WARN_DIRECT_OBJC_ISA_USAGE = YES_ERROR;
				CLANG_WARN_EMPTY_BODY = YES;
				CLANG_WARN_ENUM_CONVERSION = YES;
				CLANG_WARN_INT_CONVERSION = YES;
				CLANG_WARN_OBJC_ROOT_CLASS = YES_ERROR;
				CLANG_WARN_UNREACHABLE_CODE = YES;
				CLANG_WARN__DUPLICATE_METHOD_MATCH = YES;
				"CODE_SIGN_IDENTITY[sdk=iphoneos*]" = "iPhone Developer";
				COPY_PHASE_STRIP = YES;
				ENABLE_NS_ASSERTIONS = NO;
				ENABLE_STRICT_OBJC_MSGSEND = YES;
				GCC_C_LANGUAGE_STANDARD = gnu99;
				GCC_WARN_64_TO_32_BIT_CONVERSION = YES;
				GCC_WARN_ABOUT_RETURN_TYPE = YES_ERROR;
				GCC_WARN_UNDECLARED_SELECTOR = YES;
				GCC_WARN_UNINITIALIZED_AUTOS = YES_AGGRESSIVE;
				GCC_WARN_UNUSED_FUNCTION = YES;
				GCC_WARN_UNUSED_VARIABLE = YES;
				IPHONEOS_DEPLOYMENT_TARGET = 8.0;
				MTL_ENABLE_DEBUG_INFO = NO;
				SDKROOT = iphoneos;
				TARGETED_DEVICE_FAMILY = "1,2";
				VALIDATE_PRODUCT = YES;
			};
			name = Release;
		};
		5FCDC6B32E602B7C00DFCAAD /* Debug */ = {
			isa = XCBuildConfiguration;
			buildSettings = {
				ASSETCATALOG_COMPILER_APPICON_NAME = AppIcon;
				ASSETCATALOG_COMPILER_LAUNCHIMAGE_NAME = LaunchImage;
				INFOPLIST_FILE = "More UIKit/Info.plist";
				LD_RUNPATH_SEARCH_PATHS = "$(inherited) @executable_path/Frameworks";
				PRODUCT_NAME = "$(TARGET_NAME)";
			};
			name = Debug;
		};
		5FCDC6B42E602B7C00DFCAAD /* Release */ = {
			isa = XCBuildConfiguration;
			buildSettings = {
				ASSETCATALOG_COMPILER_APPICON_NAME = AppIcon;
				ASSETCATALOG_COMPILER_LAUNCHIMAGE_NAME = LaunchImage;
				INFOPLIST_FILE = "More UIKit/Info.plist";
				LD_RUNPATH_SEARCH_PATHS = "$(inherited) @executable_path/Frameworks";
				PRODUCT_NAME = "$(TARGET_NAME)";
			};
			name = Release;
		};
		5FCDC6B62E602B7C00DFCAAD /* Debug */ = {
			isa = XCBuildConfiguration;
			buildSettings = {
				BUNDLE_LOADER = "$(BUILT_PRODUCTS_DIR)/More UIKit.app/More UIKit";
				FRAMEWORK_SEARCH_PATHS = (
					"$(SDKROOT)/Developer/Library/Frameworks",
					"$(inherited)",
				);
				GCC_PREPROCESSOR_DEFINITIONS = (
					"DEBUG=1",
					"$(inherited)",
				);
				INFOPLIST_FILE = "More UIKitTests/Info.plist";
				LD_RUNPATH_SEARCH_PATHS = "$(inherited) @executable_path/Frameworks @loader_path/Frameworks";
				PRODUCT_NAME = "$(TARGET_NAME)";
				TEST_HOST = "$(BUNDLE_LOADER)";
			};
			name = Debug;
		};
		5FCDC6B72E602B7C00DFCAAD /* Release */ = {
			isa = XCBuildConfiguration;
			buildSettings = {
				BUNDLE_LOADER = "$(BUILT_PRODUCTS_DIR)/More UIKit.app/More UIKit";
				FRAMEWORK_SEARCH_PATHS = (
					"$(SDKROOT)/Developer/Library/Frameworks",
					"$(inherited)",
				);
				INFOPLIST_FILE = "More UIKitTests/Info.plist";
				LD_RUNPATH_SEARCH_PATHS = "$(inherited) @executable_path/Frameworks @loader_path/Frameworks";
				PRODUCT_NAME = "$(TARGET_NAME)";
				TEST_HOST = "$(BUNDLE_LOADER)";
			};
			name = Release;
		};
/* End XCBuildConfiguration section */

/* Begin XCConfigurationList section */
		5FCDC6912E602B7C00DFCAAD /* Build configuration list for PBXProject "More UIKit" */ = {
			isa = XCConfigurationList;
			buildConfigurations = (
				5FCDC6B02E602B7C00DFCAAD /* Debug */,
				5FCDC6B12E602B7C00DFCAAD /* Release */,
			);
			defaultConfigurationIsVisible = 0;
			defaultConfigurationName = Release;
		};
		5FCDC6B22E602B7C00DFCAAD /* Build configuration list for PBXNativeTarget "More UIKit" */ = {
			isa = XCConfigurationList;
			buildConfigurations = (
				5FCDC6B32E602B7C00DFCAAD /* Debug */,
				5FCDC6B42E602B7C00DFCAAD /* Release */,
			);
			defaultConfigurationIsVisible = 0;
		};
		5FCDC6B52E602B7C00DFCAAD /* Build configuration list for PBXNativeTarget "More UIKitTests" */ = {
			isa = XCConfigurationList;
			buildConfigurations = (
				5FCDC6B62E602B7C00DFCAAD /* Debug */,
				5FCDC6B72E602B7C00DFCAAD /* Release */,
			);
			defaultConfigurationIsVisible = 0;
		};
/* End XCConfigurationList section */
	};
	rootObject = 5FCDC68E2E602B7C00DFCAAD /* Project object */;
}
